// !$*UTF8*$!
{
	archiveVersion = 1;
	classes = {
	};
	objectVersion = 52;
	objects = {

/* Begin PBXBuildFile section */
		C865DEAC26C37D8E00A4C73F /* SheetImage.swift in Sources */ = {isa = PBXBuildFile; fileRef = C865DEAB26C37D8E00A4C73F /* SheetImage.swift */; };
		C8DB689A26C3325600882231 /* URLImageStore in Frameworks */ = {isa = PBXBuildFile; productRef = C8DB689926C3325600882231 /* URLImageStore */; };
		C8DB689C26C3325600882231 /* URLImage in Frameworks */ = {isa = PBXBuildFile; productRef = C8DB689B26C3325600882231 /* URLImage */; };
		C8ECDCAE26C2197500048B22 /* AppDelegate.swift in Sources */ = {isa = PBXBuildFile; fileRef = C8ECDCAD26C2197500048B22 /* AppDelegate.swift */; };
		C8ECDCB026C2197500048B22 /* SceneDelegate.swift in Sources */ = {isa = PBXBuildFile; fileRef = C8ECDCAF26C2197500048B22 /* SceneDelegate.swift */; };
		C8ECDCB226C2197500048B22 /* ContentView.swift in Sources */ = {isa = PBXBuildFile; fileRef = C8ECDCB126C2197500048B22 /* ContentView.swift */; };
		C8ECDCB426C2197800048B22 /* Assets.xcassets in Resources */ = {isa = PBXBuildFile; fileRef = C8ECDCB326C2197800048B22 /* Assets.xcassets */; };
		C8ECDCB726C2197800048B22 /* Preview Assets.xcassets in Resources */ = {isa = PBXBuildFile; fileRef = C8ECDCB626C2197800048B22 /* Preview Assets.xcassets */; };
		C8ECDCBA26C2197800048B22 /* LaunchScreen.storyboard in Resources */ = {isa = PBXBuildFile; fileRef = C8ECDCB826C2197800048B22 /* LaunchScreen.storyboard */; };
		C8ECDCC526C2197800048B22 /* UnsplashedGalleryTests.swift in Sources */ = {isa = PBXBuildFile; fileRef = C8ECDCC426C2197800048B22 /* UnsplashedGalleryTests.swift */; };
		C8ECDCD026C2197800048B22 /* UnsplashedGalleryUITests.swift in Sources */ = {isa = PBXBuildFile; fileRef = C8ECDCCF26C2197800048B22 /* UnsplashedGalleryUITests.swift */; };
		C8ECDCE126C2F89400048B22 /* API.swift in Sources */ = {isa = PBXBuildFile; fileRef = C8ECDCE026C2F89400048B22 /* API.swift */; };
		C8ECDCEA26C2FAB200048B22 /* UnsplashedModel.swift in Sources */ = {isa = PBXBuildFile; fileRef = C8ECDCE926C2FAB200048B22 /* UnsplashedModel.swift */; };
		C8ECDCEC26C2FAC700048B22 /* UnsplashedViewModel.swift in Sources */ = {isa = PBXBuildFile; fileRef = C8ECDCEB26C2FAC700048B22 /* UnsplashedViewModel.swift */; };
		C8ECDCEF26C30C0C00048B22 /* SwiftyJSON in Frameworks */ = {isa = PBXBuildFile; productRef = C8ECDCEE26C30C0C00048B22 /* SwiftyJSON */; };
		C8ECDCF226C30C7000048B22 /* CardImage.swift in Sources */ = {isa = PBXBuildFile; fileRef = C8ECDCF126C30C7000048B22 /* CardImage.swift */; };
/* End PBXBuildFile section */

/* Begin PBXContainerItemProxy section */
		C8ECDCC126C2197800048B22 /* PBXContainerItemProxy */ = {
			isa = PBXContainerItemProxy;
			containerPortal = C8ECDCA226C2197400048B22 /* Project object */;
			proxyType = 1;
			remoteGlobalIDString = C8ECDCA926C2197400048B22;
			remoteInfo = UnsplashedGallery;
		};
		C8ECDCCC26C2197800048B22 /* PBXContainerItemProxy */ = {
			isa = PBXContainerItemProxy;
			containerPortal = C8ECDCA226C2197400048B22 /* Project object */;
			proxyType = 1;
			remoteGlobalIDString = C8ECDCA926C2197400048B22;
			remoteInfo = UnsplashedGallery;
		};
/* End PBXContainerItemProxy section */

/* Begin PBXFileReference section */
		C865DEAB26C37D8E00A4C73F /* SheetImage.swift */ = {isa = PBXFileReference; lastKnownFileType = sourcecode.swift; path = SheetImage.swift; sourceTree = "<group>"; };
		C8ECDCAA26C2197500048B22 /* UnsplashedGallery.app */ = {isa = PBXFileReference; explicitFileType = wrapper.application; includeInIndex = 0; path = UnsplashedGallery.app; sourceTree = BUILT_PRODUCTS_DIR; };
		C8ECDCAD26C2197500048B22 /* AppDelegate.swift */ = {isa = PBXFileReference; lastKnownFileType = sourcecode.swift; path = AppDelegate.swift; sourceTree = "<group>"; };
		C8ECDCAF26C2197500048B22 /* SceneDelegate.swift */ = {isa = PBXFileReference; lastKnownFileType = sourcecode.swift; path = SceneDelegate.swift; sourceTree = "<group>"; };
		C8ECDCB126C2197500048B22 /* ContentView.swift */ = {isa = PBXFileReference; lastKnownFileType = sourcecode.swift; path = ContentView.swift; sourceTree = "<group>"; };
		C8ECDCB326C2197800048B22 /* Assets.xcassets */ = {isa = PBXFileReference; lastKnownFileType = folder.assetcatalog; path = Assets.xcassets; sourceTree = "<group>"; };
		C8ECDCB626C2197800048B22 /* Preview Assets.xcassets */ = {isa = PBXFileReference; lastKnownFileType = folder.assetcatalog; path = "Preview Assets.xcassets"; sourceTree = "<group>"; };
		C8ECDCB926C2197800048B22 /* Base */ = {isa = PBXFileReference; lastKnownFileType = file.storyboard; name = Base; path = Base.lproj/LaunchScreen.storyboard; sourceTree = "<group>"; };
		C8ECDCBB26C2197800048B22 /* Info.plist */ = {isa = PBXFileReference; lastKnownFileType = text.plist.xml; path = Info.plist; sourceTree = "<group>"; };
		C8ECDCC026C2197800048B22 /* UnsplashedGalleryTests.xctest */ = {isa = PBXFileReference; explicitFileType = wrapper.cfbundle; includeInIndex = 0; path = UnsplashedGalleryTests.xctest; sourceTree = BUILT_PRODUCTS_DIR; };
		C8ECDCC426C2197800048B22 /* UnsplashedGalleryTests.swift */ = {isa = PBXFileReference; lastKnownFileType = sourcecode.swift; path = UnsplashedGalleryTests.swift; sourceTree = "<group>"; };
		C8ECDCC626C2197800048B22 /* Info.plist */ = {isa = PBXFileReference; lastKnownFileType = text.plist.xml; path = Info.plist; sourceTree = "<group>"; };
		C8ECDCCB26C2197800048B22 /* UnsplashedGalleryUITests.xctest */ = {isa = PBXFileReference; explicitFileType = wrapper.cfbundle; includeInIndex = 0; path = UnsplashedGalleryUITests.xctest; sourceTree = BUILT_PRODUCTS_DIR; };
		C8ECDCCF26C2197800048B22 /* UnsplashedGalleryUITests.swift */ = {isa = PBXFileReference; lastKnownFileType = sourcecode.swift; path = UnsplashedGalleryUITests.swift; sourceTree = "<group>"; };
		C8ECDCD126C2197800048B22 /* Info.plist */ = {isa = PBXFileReference; lastKnownFileType = text.plist.xml; path = Info.plist; sourceTree = "<group>"; };
		C8ECDCE026C2F89400048B22 /* API.swift */ = {isa = PBXFileReference; lastKnownFileType = sourcecode.swift; path = API.swift; sourceTree = "<group>"; };
		C8ECDCE926C2FAB200048B22 /* UnsplashedModel.swift */ = {isa = PBXFileReference; lastKnownFileType = sourcecode.swift; path = UnsplashedModel.swift; sourceTree = "<group>"; };
		C8ECDCEB26C2FAC700048B22 /* UnsplashedViewModel.swift */ = {isa = PBXFileReference; lastKnownFileType = sourcecode.swift; path = UnsplashedViewModel.swift; sourceTree = "<group>"; };
		C8ECDCF126C30C7000048B22 /* CardImage.swift */ = {isa = PBXFileReference; lastKnownFileType = sourcecode.swift; path = CardImage.swift; sourceTree = "<group>"; };
/* End PBXFileReference section */

/* Begin PBXFrameworksBuildPhase section */
		C8ECDCA726C2197400048B22 /* Frameworks */ = {
			isa = PBXFrameworksBuildPhase;
			buildActionMask = 2147483647;
			files = (
				C8DB689A26C3325600882231 /* URLImageStore in Frameworks */,
				C8DB689C26C3325600882231 /* URLImage in Frameworks */,
				C8ECDCEF26C30C0C00048B22 /* SwiftyJSON in Frameworks */,
			);
			runOnlyForDeploymentPostprocessing = 0;
		};
		C8ECDCBD26C2197800048B22 /* Frameworks */ = {
			isa = PBXFrameworksBuildPhase;
			buildActionMask = 2147483647;
			files = (
			);
			runOnlyForDeploymentPostprocessing = 0;
		};
		C8ECDCC826C2197800048B22 /* Frameworks */ = {
			isa = PBXFrameworksBuildPhase;
			buildActionMask = 2147483647;
			files = (
			);
			runOnlyForDeploymentPostprocessing = 0;
		};
/* End PBXFrameworksBuildPhase section */

/* Begin PBXGroup section */
		C865DEAA26C37D6E00A4C73F /* Sheet */ = {
			isa = PBXGroup;
			children = (
				C865DEAB26C37D8E00A4C73F /* SheetImage.swift */,
			);
			path = Sheet;
			sourceTree = "<group>";
		};
		C8ECDCA126C2197400048B22 = {
			isa = PBXGroup;
			children = (
				C8ECDCAC26C2197500048B22 /* UnsplashedGallery */,
				C8ECDCC326C2197800048B22 /* UnsplashedGalleryTests */,
				C8ECDCCE26C2197800048B22 /* UnsplashedGalleryUITests */,
				C8ECDCAB26C2197500048B22 /* Products */,
			);
			sourceTree = "<group>";
		};
		C8ECDCAB26C2197500048B22 /* Products */ = {
			isa = PBXGroup;
			children = (
				C8ECDCAA26C2197500048B22 /* UnsplashedGallery.app */,
				C8ECDCC026C2197800048B22 /* UnsplashedGalleryTests.xctest */,
				C8ECDCCB26C2197800048B22 /* UnsplashedGalleryUITests.xctest */,
			);
			name = Products;
			sourceTree = "<group>";
		};
		C8ECDCAC26C2197500048B22 /* UnsplashedGallery */ = {
			isa = PBXGroup;
			children = (
				C8ECDCE826C2FA8200048B22 /* Models */,
				C8ECDCE526C2FA6900048B22 /* ViewModels */,
				C8ECDCE226C2FA5000048B22 /* Views */,
				C8ECDCDD26C2F83100048B22 /* API */,
				C8ECDCAD26C2197500048B22 /* AppDelegate.swift */,
				C8ECDCAF26C2197500048B22 /* SceneDelegate.swift */,
				C8ECDCB326C2197800048B22 /* Assets.xcassets */,
				C8ECDCB826C2197800048B22 /* LaunchScreen.storyboard */,
				C8ECDCBB26C2197800048B22 /* Info.plist */,
				C8ECDCB526C2197800048B22 /* Preview Content */,
			);
			path = UnsplashedGallery;
			sourceTree = "<group>";
		};
		C8ECDCB526C2197800048B22 /* Preview Content */ = {
			isa = PBXGroup;
			children = (
				C8ECDCB626C2197800048B22 /* Preview Assets.xcassets */,
			);
			path = "Preview Content";
			sourceTree = "<group>";
		};
		C8ECDCC326C2197800048B22 /* UnsplashedGalleryTests */ = {
			isa = PBXGroup;
			children = (
				C8ECDCC426C2197800048B22 /* UnsplashedGalleryTests.swift */,
				C8ECDCC626C2197800048B22 /* Info.plist */,
			);
			path = UnsplashedGalleryTests;
			sourceTree = "<group>";
		};
		C8ECDCCE26C2197800048B22 /* UnsplashedGalleryUITests */ = {
			isa = PBXGroup;
			children = (
				C8ECDCCF26C2197800048B22 /* UnsplashedGalleryUITests.swift */,
				C8ECDCD126C2197800048B22 /* Info.plist */,
			);
			path = UnsplashedGalleryUITests;
			sourceTree = "<group>";
		};
		C8ECDCDD26C2F83100048B22 /* API */ = {
			isa = PBXGroup;
			children = (
				C8ECDCE026C2F89400048B22 /* API.swift */,
			);
			path = API;
			sourceTree = "<group>";
		};
		C8ECDCE226C2FA5000048B22 /* Views */ = {
			isa = PBXGroup;
			children = (
				C8ECDCF026C30C5E00048B22 /* Home */,
				C865DEAA26C37D6E00A4C73F /* Sheet */,
				C8ECDCB126C2197500048B22 /* ContentView.swift */,
			);
			path = Views;
			sourceTree = "<group>";
		};
		C8ECDCE526C2FA6900048B22 /* ViewModels */ = {
			isa = PBXGroup;
			children = (
				C8ECDCEB26C2FAC700048B22 /* UnsplashedViewModel.swift */,
			);
			path = ViewModels;
			sourceTree = "<group>";
		};
		C8ECDCE826C2FA8200048B22 /* Models */ = {
			isa = PBXGroup;
			children = (
				C8ECDCE926C2FAB200048B22 /* UnsplashedModel.swift */,
			);
			path = Models;
			sourceTree = "<group>";
		};
		C8ECDCF026C30C5E00048B22 /* Home */ = {
			isa = PBXGroup;
			children = (
				C8ECDCF126C30C7000048B22 /* CardImage.swift */,
			);
			path = Home;
			sourceTree = "<group>";
		};
/* End PBXGroup section */

/* Begin PBXNativeTarget section */
		C8ECDCA926C2197400048B22 /* UnsplashedGallery */ = {
			isa = PBXNativeTarget;
			buildConfigurationList = C8ECDCD426C2197800048B22 /* Build configuration list for PBXNativeTarget "UnsplashedGallery" */;
			buildPhases = (
				C8ECDCA626C2197400048B22 /* Sources */,
				C8ECDCA726C2197400048B22 /* Frameworks */,
				C8ECDCA826C2197400048B22 /* Resources */,
			);
			buildRules = (
			);
			dependencies = (
			);
			name = UnsplashedGallery;
			packageProductDependencies = (
				C8ECDCEE26C30C0C00048B22 /* SwiftyJSON */,
				C8DB689926C3325600882231 /* URLImageStore */,
				C8DB689B26C3325600882231 /* URLImage */,
			);
			productName = UnsplashedGallery;
			productReference = C8ECDCAA26C2197500048B22 /* UnsplashedGallery.app */;
			productType = "com.apple.product-type.application";
		};
		C8ECDCBF26C2197800048B22 /* UnsplashedGalleryTests */ = {
			isa = PBXNativeTarget;
			buildConfigurationList = C8ECDCD726C2197800048B22 /* Build configuration list for PBXNativeTarget "UnsplashedGalleryTests" */;
			buildPhases = (
				C8ECDCBC26C2197800048B22 /* Sources */,
				C8ECDCBD26C2197800048B22 /* Frameworks */,
				C8ECDCBE26C2197800048B22 /* Resources */,
			);
			buildRules = (
			);
			dependencies = (
				C8ECDCC226C2197800048B22 /* PBXTargetDependency */,
			);
			name = UnsplashedGalleryTests;
			productName = UnsplashedGalleryTests;
			productReference = C8ECDCC026C2197800048B22 /* UnsplashedGalleryTests.xctest */;
			productType = "com.apple.product-type.bundle.unit-test";
		};
		C8ECDCCA26C2197800048B22 /* UnsplashedGalleryUITests */ = {
			isa = PBXNativeTarget;
			buildConfigurationList = C8ECDCDA26C2197800048B22 /* Build configuration list for PBXNativeTarget "UnsplashedGalleryUITests" */;
			buildPhases = (
				C8ECDCC726C2197800048B22 /* Sources */,
				C8ECDCC826C2197800048B22 /* Frameworks */,
				C8ECDCC926C2197800048B22 /* Resources */,
			);
			buildRules = (
			);
			dependencies = (
				C8ECDCCD26C2197800048B22 /* PBXTargetDependency */,
			);
			name = UnsplashedGalleryUITests;
			productName = UnsplashedGalleryUITests;
			productReference = C8ECDCCB26C2197800048B22 /* UnsplashedGalleryUITests.xctest */;
			productType = "com.apple.product-type.bundle.ui-testing";
		};
/* End PBXNativeTarget section */

/* Begin PBXProject section */
		C8ECDCA226C2197400048B22 /* Project object */ = {
			isa = PBXProject;
			attributes = {
				LastSwiftUpdateCheck = 1250;
				LastUpgradeCheck = 1250;
				TargetAttributes = {
					C8ECDCA926C2197400048B22 = {
						CreatedOnToolsVersion = 12.5.1;
					};
					C8ECDCBF26C2197800048B22 = {
						CreatedOnToolsVersion = 12.5.1;
						TestTargetID = C8ECDCA926C2197400048B22;
					};
					C8ECDCCA26C2197800048B22 = {
						CreatedOnToolsVersion = 12.5.1;
						TestTargetID = C8ECDCA926C2197400048B22;
					};
				};
			};
			buildConfigurationList = C8ECDCA526C2197400048B22 /* Build configuration list for PBXProject "UnsplashedGallery" */;
			compatibilityVersion = "Xcode 9.3";
			developmentRegion = en;
			hasScannedForEncodings = 0;
			knownRegions = (
				en,
				Base,
			);
			mainGroup = C8ECDCA126C2197400048B22;
			packageReferences = (
				C8ECDCED26C30C0C00048B22 /* XCRemoteSwiftPackageReference "SwiftyJSON" */,
				C8DB689826C3325600882231 /* XCRemoteSwiftPackageReference "url-image" */,
			);
			productRefGroup = C8ECDCAB26C2197500048B22 /* Products */;
			projectDirPath = "";
			projectRoot = "";
			targets = (
				C8ECDCA926C2197400048B22 /* UnsplashedGallery */,
				C8ECDCBF26C2197800048B22 /* UnsplashedGalleryTests */,
				C8ECDCCA26C2197800048B22 /* UnsplashedGalleryUITests */,
			);
		};
/* End PBXProject section */

/* Begin PBXResourcesBuildPhase section */
		C8ECDCA826C2197400048B22 /* Resources */ = {
			isa = PBXResourcesBuildPhase;
			buildActionMask = 2147483647;
			files = (
				C8ECDCBA26C2197800048B22 /* LaunchScreen.storyboard in Resources */,
				C8ECDCB726C2197800048B22 /* Preview Assets.xcassets in Resources */,
				C8ECDCB426C2197800048B22 /* Assets.xcassets in Resources */,
			);
			runOnlyForDeploymentPostprocessing = 0;
		};
		C8ECDCBE26C2197800048B22 /* Resources */ = {
			isa = PBXResourcesBuildPhase;
			buildActionMask = 2147483647;
			files = (
			);
			runOnlyForDeploymentPostprocessing = 0;
		};
		C8ECDCC926C2197800048B22 /* Resources */ = {
			isa = PBXResourcesBuildPhase;
			buildActionMask = 2147483647;
			files = (
			);
			runOnlyForDeploymentPostprocessing = 0;
		};
/* End PBXResourcesBuildPhase section */

/* Begin PBXSourcesBuildPhase section */
		C8ECDCA626C2197400048B22 /* Sources */ = {
			isa = PBXSourcesBuildPhase;
			buildActionMask = 2147483647;
			files = (
				C8ECDCF226C30C7000048B22 /* CardImage.swift in Sources */,
				C8ECDCAE26C2197500048B22 /* AppDelegate.swift in Sources */,
				C8ECDCB026C2197500048B22 /* SceneDelegate.swift in Sources */,
				C8ECDCE126C2F89400048B22 /* API.swift in Sources */,
				C8ECDCEC26C2FAC700048B22 /* UnsplashedViewModel.swift in Sources */,
				C8ECDCEA26C2FAB200048B22 /* UnsplashedModel.swift in Sources */,
				C8ECDCB226C2197500048B22 /* ContentView.swift in Sources */,
				C865DEAC26C37D8E00A4C73F /* SheetImage.swift in Sources */,
			);
			runOnlyForDeploymentPostprocessing = 0;
		};
		C8ECDCBC26C2197800048B22 /* Sources */ = {
			isa = PBXSourcesBuildPhase;
			buildActionMask = 2147483647;
			files = (
				C8ECDCC526C2197800048B22 /* UnsplashedGalleryTests.swift in Sources */,
			);
			runOnlyForDeploymentPostprocessing = 0;
		};
		C8ECDCC726C2197800048B22 /* Sources */ = {
			isa = PBXSourcesBuildPhase;
			buildActionMask = 2147483647;
			files = (
				C8ECDCD026C2197800048B22 /* UnsplashedGalleryUITests.swift in Sources */,
			);
			runOnlyForDeploymentPostprocessing = 0;
		};
/* End PBXSourcesBuildPhase section */

/* Begin PBXTargetDependency section */
		C8ECDCC226C2197800048B22 /* PBXTargetDependency */ = {
			isa = PBXTargetDependency;
			target = C8ECDCA926C2197400048B22 /* UnsplashedGallery */;
			targetProxy = C8ECDCC126C2197800048B22 /* PBXContainerItemProxy */;
		};
		C8ECDCCD26C2197800048B22 /* PBXTargetDependency */ = {
			isa = PBXTargetDependency;
			target = C8ECDCA926C2197400048B22 /* UnsplashedGallery */;
			targetProxy = C8ECDCCC26C2197800048B22 /* PBXContainerItemProxy */;
		};
/* End PBXTargetDependency section */

/* Begin PBXVariantGroup section */
		C8ECDCB826C2197800048B22 /* LaunchScreen.storyboard */ = {
			isa = PBXVariantGroup;
			children = (
				C8ECDCB926C2197800048B22 /* Base */,
			);
			name = LaunchScreen.storyboard;
			sourceTree = "<group>";
		};
/* End PBXVariantGroup section */

/* Begin XCBuildConfiguration section */
		C8ECDCD226C2197800048B22 /* Debug */ = {
			isa = XCBuildConfiguration;
			buildSettings = {
				ALWAYS_SEARCH_USER_PATHS = NO;
				CLANG_ANALYZER_NONNULL = YES;
				CLANG_ANALYZER_NUMBER_OBJECT_CONVERSION = YES_AGGRESSIVE;
				CLANG_CXX_LANGUAGE_STANDARD = "gnu++14";
				CLANG_CXX_LIBRARY = "libc++";
				CLANG_ENABLE_MODULES = YES;
				CLANG_ENABLE_OBJC_ARC = YES;
				CLANG_ENABLE_OBJC_WEAK = YES;
				CLANG_WARN_BLOCK_CAPTURE_AUTORELEASING = YES;
				CLANG_WARN_BOOL_CONVERSION = YES;
				CLANG_WARN_COMMA = YES;
				CLANG_WARN_CONSTANT_CONVERSION = YES;
				CLANG_WARN_DEPRECATED_OBJC_IMPLEMENTATIONS = YES;
				CLANG_WARN_DIRECT_OBJC_ISA_USAGE = YES_ERROR;
				CLANG_WARN_DOCUMENTATION_COMMENTS = YES;
				CLANG_WARN_EMPTY_BODY = YES;
				CLANG_WARN_ENUM_CONVERSION = YES;
				CLANG_WARN_INFINITE_RECURSION = YES;
				CLANG_WARN_INT_CONVERSION = YES;
				CLANG_WARN_NON_LITERAL_NULL_CONVERSION = YES;
				CLANG_WARN_OBJC_IMPLICIT_RETAIN_SELF = YES;
				CLANG_WARN_OBJC_LITERAL_CONVERSION = YES;
				CLANG_WARN_OBJC_ROOT_CLASS = YES_ERROR;
				CLANG_WARN_QUOTED_INCLUDE_IN_FRAMEWORK_HEADER = YES;
				CLANG_WARN_RANGE_LOOP_ANALYSIS = YES;
				CLANG_WARN_STRICT_PROTOTYPES = YES;
				CLANG_WARN_SUSPICIOUS_MOVE = YES;
				CLANG_WARN_UNGUARDED_AVAILABILITY = YES_AGGRESSIVE;
				CLANG_WARN_UNREACHABLE_CODE = YES;
				CLANG_WARN__DUPLICATE_METHOD_MATCH = YES;
				COPY_PHASE_STRIP = NO;
				DEBUG_INFORMATION_FORMAT = dwarf;
				ENABLE_STRICT_OBJC_MSGSEND = YES;
				ENABLE_TESTABILITY = YES;
				GCC_C_LANGUAGE_STANDARD = gnu11;
				GCC_DYNAMIC_NO_PIC = NO;
				GCC_NO_COMMON_BLOCKS = YES;
				GCC_OPTIMIZATION_LEVEL = 0;
				GCC_PREPROCESSOR_DEFINITIONS = (
					"DEBUG=1",
					"$(inherited)",
				);
				GCC_WARN_64_TO_32_BIT_CONVERSION = YES;
				GCC_WARN_ABOUT_RETURN_TYPE = YES_ERROR;
				GCC_WARN_UNDECLARED_SELECTOR = YES;
				GCC_WARN_UNINITIALIZED_AUTOS = YES_AGGRESSIVE;
				GCC_WARN_UNUSED_FUNCTION = YES;
				GCC_WARN_UNUSED_VARIABLE = YES;
				IPHONEOS_DEPLOYMENT_TARGET = 14.5;
				MTL_ENABLE_DEBUG_INFO = INCLUDE_SOURCE;
				MTL_FAST_MATH = YES;
				ONLY_ACTIVE_ARCH = YES;
				SDKROOT = iphoneos;
				SWIFT_ACTIVE_COMPILATION_CONDITIONS = DEBUG;
				SWIFT_OPTIMIZATION_LEVEL = "-Onone";
			};
			name = Debug;
		};
		C8ECDCD326C2197800048B22 /* Release */ = {
			isa = XCBuildConfiguration;
			buildSettings = {
				ALWAYS_SEARCH_USER_PATHS = NO;
				CLANG_ANALYZER_NONNULL = YES;
				CLANG_ANALYZER_NUMBER_OBJECT_CONVERSION = YES_AGGRESSIVE;
				CLANG_CXX_LANGUAGE_STANDARD = "gnu++14";
				CLANG_CXX_LIBRARY = "libc++";
				CLANG_ENABLE_MODULES = YES;
				CLANG_ENABLE_OBJC_ARC = YES;
				CLANG_ENABLE_OBJC_WEAK = YES;
				CLANG_WARN_BLOCK_CAPTURE_AUTORELEASING = YES;
				CLANG_WARN_BOOL_CONVERSION = YES;
				CLANG_WARN_COMMA = YES;
				CLANG_WARN_CONSTANT_CONVERSION = YES;
				CLANG_WARN_DEPRECATED_OBJC_IMPLEMENTATIONS = YES;
				CLANG_WARN_DIRECT_OBJC_ISA_USAGE = YES_ERROR;
				CLANG_WARN_DOCUMENTATION_COMMENTS = YES;
				CLANG_WARN_EMPTY_BODY = YES;
				CLANG_WARN_ENUM_CONVERSION = YES;
				CLANG_WARN_INFINITE_RECURSION = YES;
				CLANG_WARN_INT_CONVERSION = YES;
				CLANG_WARN_NON_LITERAL_NULL_CONVERSION = YES;
				CLANG_WARN_OBJC_IMPLICIT_RETAIN_SELF = YES;
				CLANG_WARN_OBJC_LITERAL_CONVERSION = YES;
				CLANG_WARN_OBJC_ROOT_CLASS = YES_ERROR;
				CLANG_WARN_QUOTED_INCLUDE_IN_FRAMEWORK_HEADER = YES;
				CLANG_WARN_RANGE_LOOP_ANALYSIS = YES;
				CLANG_WARN_STRICT_PROTOTYPES = YES;
				CLANG_WARN_SUSPICIOUS_MOVE = YES;
				CLANG_WARN_UNGUARDED_AVAILABILITY = YES_AGGRESSIVE;
				CLANG_WARN_UNREACHABLE_CODE = YES;
				CLANG_WARN__DUPLICATE_METHOD_MATCH = YES;
				COPY_PHASE_STRIP = NO;
				DEBUG_INFORMATION_FORMAT = "dwarf-with-dsym";
				ENABLE_NS_ASSERTIONS = NO;
				ENABLE_STRICT_OBJC_MSGSEND = YES;
				GCC_C_LANGUAGE_STANDARD = gnu11;
				GCC_NO_COMMON_BLOCKS = YES;
				GCC_WARN_64_TO_32_BIT_CONVERSION = YES;
				GCC_WARN_ABOUT_RETURN_TYPE = YES_ERROR;
				GCC_WARN_UNDECLARED_SELECTOR = YES;
				GCC_WARN_UNINITIALIZED_AUTOS = YES_AGGRESSIVE;
				GCC_WARN_UNUSED_FUNCTION = YES;
				GCC_WARN_UNUSED_VARIABLE = YES;
				IPHONEOS_DEPLOYMENT_TARGET = 14.5;
				MTL_ENABLE_DEBUG_INFO = NO;
				MTL_FAST_MATH = YES;
				SDKROOT = iphoneos;
				SWIFT_COMPILATION_MODE = wholemodule;
				SWIFT_OPTIMIZATION_LEVEL = "-O";
				VALIDATE_PRODUCT = YES;
			};
			name = Release;
		};
		C8ECDCD526C2197800048B22 /* Debug */ = {
			isa = XCBuildConfiguration;
			buildSettings = {
				ASSETCATALOG_COMPILER_APPICON_NAME = AppIcon;
				ASSETCATALOG_COMPILER_GLOBAL_ACCENT_COLOR_NAME = AccentColor;
				CODE_SIGN_STYLE = Automatic;
				DEVELOPMENT_ASSET_PATHS = "\"UnsplashedGallery/Preview Content\"";
				DEVELOPMENT_TEAM = M3C9S5BRDD;
				ENABLE_PREVIEWS = YES;
				INFOPLIST_FILE = UnsplashedGallery/Info.plist;
				LD_RUNPATH_SEARCH_PATHS = (
					"$(inherited)",
					"@executable_path/Frameworks",
				);
				PRODUCT_BUNDLE_IDENTIFIER = com.jsanand.UnsplashedGallery;
				PRODUCT_NAME = "$(TARGET_NAME)";
				SWIFT_VERSION = 5.0;
				TARGETED_DEVICE_FAMILY = "1,2";
			};
			name = Debug;
		};
		C8ECDCD626C2197800048B22 /* Release */ = {
			isa = XCBuildConfiguration;
			buildSettings = {
				ASSETCATALOG_COMPILER_APPICON_NAME = AppIcon;
				ASSETCATALOG_COMPILER_GLOBAL_ACCENT_COLOR_NAME = AccentColor;
				CODE_SIGN_STYLE = Automatic;
				DEVELOPMENT_ASSET_PATHS = "\"UnsplashedGallery/Preview Content\"";
				DEVELOPMENT_TEAM = M3C9S5BRDD;
				ENABLE_PREVIEWS = YES;
				INFOPLIST_FILE = UnsplashedGallery/Info.plist;
				LD_RUNPATH_SEARCH_PATHS = (
					"$(inherited)",
					"@executable_path/Frameworks",
				);
				PRODUCT_BUNDLE_IDENTIFIER = com.jsanand.UnsplashedGallery;
				PRODUCT_NAME = "$(TARGET_NAME)";
				SWIFT_VERSION = 5.0;
				TARGETED_DEVICE_FAMILY = "1,2";
			};
			name = Release;
		};
		C8ECDCD826C2197800048B22 /* Debug */ = {
			isa = XCBuildConfiguration;
			buildSettings = {
				ALWAYS_EMBED_SWIFT_STANDARD_LIBRARIES = YES;
				BUNDLE_LOADER = "$(TEST_HOST)";
				CODE_SIGN_STYLE = Automatic;
				DEVELOPMENT_TEAM = M3C9S5BRDD;
				INFOPLIST_FILE = UnsplashedGalleryTests/Info.plist;
				IPHONEOS_DEPLOYMENT_TARGET = 14.5;
				LD_RUNPATH_SEARCH_PATHS = (
					"$(inherited)",
					"@executable_path/Frameworks",
					"@loader_path/Frameworks",
				);
				PRODUCT_BUNDLE_IDENTIFIER = com.jsanand.UnsplashedGalleryTests;
				PRODUCT_NAME = "$(TARGET_NAME)";
				SWIFT_VERSION = 5.0;
				TARGETED_DEVICE_FAMILY = "1,2";
				TEST_HOST = "$(BUILT_PRODUCTS_DIR)/UnsplashedGallery.app/UnsplashedGallery";
			};
			name = Debug;
		};
		C8ECDCD926C2197800048B22 /* Release */ = {
			isa = XCBuildConfiguration;
			buildSettings = {
				ALWAYS_EMBED_SWIFT_STANDARD_LIBRARIES = YES;
				BUNDLE_LOADER = "$(TEST_HOST)";
				CODE_SIGN_STYLE = Automatic;
				DEVELOPMENT_TEAM = M3C9S5BRDD;
				INFOPLIST_FILE = UnsplashedGalleryTests/Info.plist;
				IPHONEOS_DEPLOYMENT_TARGET = 14.5;
				LD_RUNPATH_SEARCH_PATHS = (
					"$(inherited)",
					"@executable_path/Frameworks",
					"@loader_path/Frameworks",
				);
				PRODUCT_BUNDLE_IDENTIFIER = com.jsanand.UnsplashedGalleryTests;
				PRODUCT_NAME = "$(TARGET_NAME)";
				SWIFT_VERSION = 5.0;
				TARGETED_DEVICE_FAMILY = "1,2";
				TEST_HOST = "$(BUILT_PRODUCTS_DIR)/UnsplashedGallery.app/UnsplashedGallery";
			};
			name = Release;
		};
		C8ECDCDB26C2197800048B22 /* Debug */ = {
			isa = XCBuildConfiguration;
			buildSettings = {
				ALWAYS_EMBED_SWIFT_STANDARD_LIBRARIES = YES;
				CODE_SIGN_STYLE = Automatic;
				DEVELOPMENT_TEAM = M3C9S5BRDD;
				INFOPLIST_FILE = UnsplashedGalleryUITests/Info.plist;
				LD_RUNPATH_SEARCH_PATHS = (
					"$(inherited)",
					"@executable_path/Frameworks",
					"@loader_path/Frameworks",
				);
				PRODUCT_BUNDLE_IDENTIFIER = com.jsanand.UnsplashedGalleryUITests;
				PRODUCT_NAME = "$(TARGET_NAME)";
				SWIFT_VERSION = 5.0;
				TARGETED_DEVICE_FAMILY = "1,2";
				TEST_TARGET_NAME = UnsplashedGallery;
			};
			name = Debug;
		};
		C8ECDCDC26C2197800048B22 /* Release */ = {
			isa = XCBuildConfiguration;
			buildSettings = {
				ALWAYS_EMBED_SWIFT_STANDARD_LIBRARIES = YES;
				CODE_SIGN_STYLE = Automatic;
				DEVELOPMENT_TEAM = M3C9S5BRDD;
				INFOPLIST_FILE = UnsplashedGalleryUITests/Info.plist;
				LD_RUNPATH_SEARCH_PATHS = (
					"$(inherited)",
					"@executable_path/Frameworks",
					"@loader_path/Frameworks",
				);
				PRODUCT_BUNDLE_IDENTIFIER = com.jsanand.UnsplashedGalleryUITests;
				PRODUCT_NAME = "$(TARGET_NAME)";
				SWIFT_VERSION = 5.0;
				TARGETED_DEVICE_FAMILY = "1,2";
				TEST_TARGET_NAME = UnsplashedGallery;
			};
			name = Release;
		};
/* End XCBuildConfiguration section */

/* Begin XCConfigurationList section */
		C8ECDCA526C2197400048B22 /* Build configuration list for PBXProject "UnsplashedGallery" */ = {
			isa = XCConfigurationList;
			buildConfigurations = (
				C8ECDCD226C2197800048B22 /* Debug */,
				C8ECDCD326C2197800048B22 /* Release */,
			);
			defaultConfigurationIsVisible = 0;
			defaultConfigurationName = Release;
		};
		C8ECDCD426C2197800048B22 /* Build configuration list for PBXNativeTarget "UnsplashedGallery" */ = {
			isa = XCConfigurationList;
			buildConfigurations = (
				C8ECDCD526C2197800048B22 /* Debug */,
				C8ECDCD626C2197800048B22 /* Release */,
			);
			defaultConfigurationIsVisible = 0;
			defaultConfigurationName = Release;
		};
		C8ECDCD726C2197800048B22 /* Build configuration list for PBXNativeTarget "UnsplashedGalleryTests" */ = {
			isa = XCConfigurationList;
			buildConfigurations = (
				C8ECDCD826C2197800048B22 /* Debug */,
				C8ECDCD926C2197800048B22 /* Release */,
			);
			defaultConfigurationIsVisible = 0;
			defaultConfigurationName = Release;
		};
		C8ECDCDA26C2197800048B22 /* Build configuration list for PBXNativeTarget "UnsplashedGalleryUITests" */ = {
			isa = XCConfigurationList;
			buildConfigurations = (
				C8ECDCDB26C2197800048B22 /* Debug */,
				C8ECDCDC26C2197800048B22 /* Release */,
			);
			defaultConfigurationIsVisible = 0;
			defaultConfigurationName = Release;
		};
/* End XCConfigurationList section */

/* Begin XCRemoteSwiftPackageReference section */
		C8DB689826C3325600882231 /* XCRemoteSwiftPackageReference "url-image" */ = {
			isa = XCRemoteSwiftPackageReference;
			repositoryURL = "https://github.com/dmytro-anokhin/url-image.git";
			requirement = {
				kind = upToNextMajorVersion;
				minimumVersion = 3.1.0;
			};
		};
		C8ECDCED26C30C0C00048B22 /* XCRemoteSwiftPackageReference "SwiftyJSON" */ = {
			isa = XCRemoteSwiftPackageReference;
			repositoryURL = "https://github.com/SwiftyJSON/SwiftyJSON.git";
			requirement = {
				kind = upToNextMajorVersion;
				minimumVersion = 5.0.1;
			};
		};
/* End XCRemoteSwiftPackageReference section */

/* Begin XCSwiftPackageProductDependency section */
		C8DB689926C3325600882231 /* URLImageStore */ = {
			isa = XCSwiftPackageProductDependency;
			package = C8DB689826C3325600882231 /* XCRemoteSwiftPackageReference "url-image" */;
			productName = URLImageStore;
		};
		C8DB689B26C3325600882231 /* URLImage */ = {
			isa = XCSwiftPackageProductDependency;
			package = C8DB689826C3325600882231 /* XCRemoteSwiftPackageReference "url-image" */;
			productName = URLImage;
		};
		C8ECDCEE26C30C0C00048B22 /* SwiftyJSON */ = {
			isa = XCSwiftPackageProductDependency;
			package = C8ECDCED26C30C0C00048B22 /* XCRemoteSwiftPackageReference "SwiftyJSON" */;
			productName = SwiftyJSON;
		};
/* End XCSwiftPackageProductDependency section */
	};
	rootObject = C8ECDCA226C2197400048B22 /* Project object */;
}
